
Microsoft Visual Studio Solution File, Format Version 12.00
# Visual Studio Version 17
VisualStudioVersion = 17.8.34322.80
MinimumVisualStudioVersion = 10.0.40219.1
Project("{2150E333-8FDC-42A3-9474-1A3956D46DE8}") = "Solution Items", "Solution Items", "{9AA7FE69-D19C-4651-9D36-B73A0B8C2FB6}"
	ProjectSection(SolutionItems) = preProject
		.gitignore = .gitignore
		LICENSE = LICENSE
		README.md = README.md
	EndProjectSection
EndProject
Project("{2150E333-8FDC-42A3-9474-1A3956D46DE8}") = "src", "src", "{958DD5AB-B933-406E-9D4E-E74132CAFF34}"
EndProject
Project("{2150E333-8FDC-42A3-9474-1A3956D46DE8}") = "tests", "tests", "{3D148B0F-2908-4BCF-8131-FA45E8E1BF89}"
EndProject
Project("{9A19103F-16F7-4668-BE54-9A1E7A4F7556}") = "AoC.Core", "AoC.Core\AoC.Core.csproj", "{A5CAE434-56CE-4E9E-B5D6-8D610A64011F}"
EndProject
Project("{9A19103F-16F7-4668-BE54-9A1E7A4F7556}") = "AoC.Core.Tests", "AoC.Core.Tests\AoC.Core.Tests.csproj", "{E41B9E16-83B4-4582-807F-F58A956C1072}"
EndProject
Project("{2150E333-8FDC-42A3-9474-1A3956D46DE8}") = "Solutions", "Solutions", "{70237453-C21A-4BFC-B20E-483ED708ADAF}"
EndProject
Project("{9A19103F-16F7-4668-BE54-9A1E7A4F7556}") = "AoC.Day01", "AoC.Day01\AoC.Day01.csproj", "{2661CBEF-63C5-4B3F-94B0-89D51B004E3A}"
EndProject
Project("{9A19103F-16F7-4668-BE54-9A1E7A4F7556}") = "AoC.Day02", "AoC.Day02\AoC.Day02.csproj", "{8685A6D0-CB40-46DE-9C51-39E9924061AA}"
EndProject
Project("{FAE04EC0-301F-11D3-BF4B-00C04F79EFBC}") = "AoC.Day03", "AoC.Day03\AoC.Day03.csproj", "{D2AE254D-B2C8-4C88-A266-900DC96986C4}"
EndProject
Project("{FAE04EC0-301F-11D3-BF4B-00C04F79EFBC}") = "AoC.Day04", "AoC.Day04\AoC.Day04.csproj", "{58F621F5-10CE-4524-96F5-87F3C8EA5C3B}"
EndProject
Global
	GlobalSection(SolutionConfigurationPlatforms) = preSolution
		Debug|Any CPU = Debug|Any CPU
		Release|Any CPU = Release|Any CPU
	EndGlobalSection
	GlobalSection(ProjectConfigurationPlatforms) = postSolution
		{A5CAE434-56CE-4E9E-B5D6-8D610A64011F}.Debug|Any CPU.ActiveCfg = Debug|Any CPU
		{A5CAE434-56CE-4E9E-B5D6-8D610A64011F}.Debug|Any CPU.Build.0 = Debug|Any CPU
		{A5CAE434-56CE-4E9E-B5D6-8D610A64011F}.Release|Any CPU.ActiveCfg = Release|Any CPU
		{A5CAE434-56CE-4E9E-B5D6-8D610A64011F}.Release|Any CPU.Build.0 = Release|Any CPU
		{E41B9E16-83B4-4582-807F-F58A956C1072}.Debug|Any CPU.ActiveCfg = Debug|Any CPU
		{E41B9E16-83B4-4582-807F-F58A956C1072}.Debug|Any CPU.Build.0 = Debug|Any CPU
		{E41B9E16-83B4-4582-807F-F58A956C1072}.Release|Any CPU.ActiveCfg = Release|Any CPU
		{E41B9E16-83B4-4582-807F-F58A956C1072}.Release|Any CPU.Build.0 = Release|Any CPU
		{2661CBEF-63C5-4B3F-94B0-89D51B004E3A}.Debug|Any CPU.ActiveCfg = Debug|Any CPU
		{2661CBEF-63C5-4B3F-94B0-89D51B004E3A}.Debug|Any CPU.Build.0 = Debug|Any CPU
		{2661CBEF-63C5-4B3F-94B0-89D51B004E3A}.Release|Any CPU.ActiveCfg = Release|Any CPU
		{2661CBEF-63C5-4B3F-94B0-89D51B004E3A}.Release|Any CPU.Build.0 = Release|Any CPU
		{8685A6D0-CB40-46DE-9C51-39E9924061AA}.Debug|Any CPU.ActiveCfg = Debug|Any CPU
		{8685A6D0-CB40-46DE-9C51-39E9924061AA}.Debug|Any CPU.Build.0 = Debug|Any CPU
		{8685A6D0-CB40-46DE-9C51-39E9924061AA}.Release|Any CPU.ActiveCfg = Release|Any CPU
		{8685A6D0-CB40-46DE-9C51-39E9924061AA}.Release|Any CPU.Build.0 = Release|Any CPU
		{D2AE254D-B2C8-4C88-A266-900DC96986C4}.Debug|Any CPU.ActiveCfg = Debug|Any CPU
		{D2AE254D-B2C8-4C88-A266-900DC96986C4}.Debug|Any CPU.Build.0 = Debug|Any CPU
		{D2AE254D-B2C8-4C88-A266-900DC96986C4}.Release|Any CPU.ActiveCfg = Release|Any CPU
		{D2AE254D-B2C8-4C88-A266-900DC96986C4}.Release|Any CPU.Build.0 = Release|Any CPU
		{58F621F5-10CE-4524-96F5-87F3C8EA5C3B}.Debug|Any CPU.ActiveCfg = Debug|Any CPU
		{58F621F5-10CE-4524-96F5-87F3C8EA5C3B}.Debug|Any CPU.Build.0 = Debug|Any CPU
		{58F621F5-10CE-4524-96F5-87F3C8EA5C3B}.Release|Any CPU.ActiveCfg = Release|Any CPU
		{58F621F5-10CE-4524-96F5-87F3C8EA5C3B}.Release|Any CPU.Build.0 = Release|Any CPU
	EndGlobalSection
	GlobalSection(SolutionProperties) = preSolution
		HideSolutionNode = FALSE
	EndGlobalSection
	GlobalSection(NestedProjects) = preSolution
		{A5CAE434-56CE-4E9E-B5D6-8D610A64011F} = {958DD5AB-B933-406E-9D4E-E74132CAFF34}
		{E41B9E16-83B4-4582-807F-F58A956C1072} = {3D148B0F-2908-4BCF-8131-FA45E8E1BF89}
		{70237453-C21A-4BFC-B20E-483ED708ADAF} = {958DD5AB-B933-406E-9D4E-E74132CAFF34}
		{2661CBEF-63C5-4B3F-94B0-89D51B004E3A} = {70237453-C21A-4BFC-B20E-483ED708ADAF}
		{8685A6D0-CB40-46DE-9C51-39E9924061AA} = {70237453-C21A-4BFC-B20E-483ED708ADAF}
		{D2AE254D-B2C8-4C88-A266-900DC96986C4} = {70237453-C21A-4BFC-B20E-483ED708ADAF}
		{58F621F5-10CE-4524-96F5-87F3C8EA5C3B} = {70237453-C21A-4BFC-B20E-483ED708ADAF}
	EndGlobalSection
	GlobalSection(ExtensibilityGlobals) = postSolution
		SolutionGuid = {23326583-24A7-4D10-85A8-3A32471D1DA8}
	EndGlobalSection
EndGlobal
